
Microsoft Visual Studio Solution File, Format Version 12.00
# Visual Studio 15
VisualStudioVersion = 15.0.27703.2047
MinimumVisualStudioVersion = 10.0.40219.1
Project("{FAE04EC0-301F-11D3-BF4B-00C04F79EFBC}") = "KmansRoller", "KmansRoller\KmansRoller.csproj", "{BB4BE9AA-CE6D-4A57-8EBB-7AC11CC92F09}"
EndProject
Global
	GlobalSection(SolutionConfigurationPlatforms) = preSolution
		Debug|Any CPU = Debug|Any CPU
		Release|Any CPU = Release|Any CPU
	EndGlobalSection
	GlobalSection(ProjectConfigurationPlatforms) = postSolution
		{BB4BE9AA-CE6D-4A57-8EBB-7AC11CC92F09}.Debug|Any CPU.ActiveCfg = Debug|Any CPU
		{BB4BE9AA-CE6D-4A57-8EBB-7AC11CC92F09}.Debug|Any CPU.Build.0 = Debug|Any CPU
		{BB4BE9AA-CE6D-4A57-8EBB-7AC11CC92F09}.Release|Any CPU.ActiveCfg = Release|Any CPU
		{BB4BE9AA-CE6D-4A57-8EBB-7AC11CC92F09}.Release|Any CPU.Build.0 = Release|Any CPU
	EndGlobalSection
	GlobalSection(SolutionProperties) = preSolution
		HideSolutionNode = FALSE
	EndGlobalSection
	GlobalSection(ExtensibilityGlobals) = postSolution
		SolutionGuid = {8186CF18-1D42-40B6-810C-8FF7AF1F7F3B}
	EndGlobalSection
EndGlobal
